# @generated - this file is auto-generated by `mise lock` https://mise.jdx.dev/dev-tools/mise-lock.html

[[tools.node]]
version = "24.21.0"
backend = "core:node"

[tools.node.options]
compile = "false"

[tools.node."platforms.linux-arm64"]
checksum = "sha256:724282c3b43aec998aa9527380465b45d229e021b58035f5f4f63095eabfe5d5"
url = "https://nodejs.org/dist/v24.21.0/node-v24.21.0-linux-arm64.tar.gz"

[tools.node."platforms.linux-arm64-musl"]
checksum = "sha256:3048b0811e158ca0d8672b59c839861763e144492980d8d29b369dfee45747e4"
url = "https://unofficial-builds.nodejs.org/download/release/v24.21.0/node-v24.21.0-linux-arm64-musl.tar.gz"

[tools.node."platforms.linux-x64"]
checksum = "sha256:6e1db87ef58b8819e5d5402eff1536491b18edd8eb7bee5ef7897876e88dc5ff"
url = "https://nodejs.org/dist/v24.21.0/node-v24.21.0-linux-x64.tar.gz"

[tools.node."platforms.linux-x64-musl"]
checksum = "sha256:01a713e34da98e7b4d2a3191ee7ca3f93dd0384d1a2ef23c379b2161ee6e133a"
url = "https://unofficial-builds.nodejs.org/download/release/v24.21.0/node-v24.21.0-linux-x64-musl.tar.gz"

[tools.node."platforms.macos-arm64"]
checksum = "sha256:bed7eea5325e1108f32ce5228ddd6a5f0f08a499ee42aa7442aea583702f6057"
url = "https://nodejs.org/dist/v24.21.0/node-v24.21.0-darwin-arm64.tar.gz"

[tools.node."platforms.macos-x64"]
checksum = "sha256:1462cb3b3046b815cf8ea436d3da450ec1a9f11dac7e5a46b0ada5305d7e8097"
url = "https://nodejs.org/dist/v24.21.0/node-v24.21.0-darwin-x64.tar.gz"

[tools.node."platforms.windows-x64"]
checksum = "sha256:158f7685b44de51f6c0df1d153526cbcd3e1bc739a8dfc607721cef75de9e541"
url = "https://nodejs.org/dist/v24.21.0/node-v24.21.0-win-x64.zip"

[[tools.oxfmt]]
version = "0.42.0"
backend = "npm:oxfmt"

[[tools.oxlint]]
version = "1.57.0"
backend = "aqua:oxc-project/oxc/oxlint"

[tools.oxlint."platforms.linux-arm64"]
checksum = "sha256:f641be54761512b5cdc7556cf40a45334401af0fd9d896b4c74a9bbf02149772"
url = "https://github.com/oxc-project/oxc/releases/download/apps_v1.57.0/oxlint-aarch64-unknown-linux-musl.tar.gz"
url_api = "https://api.github.com/repos/oxc-project/oxc/releases/assets/380384047"

[tools.oxlint."platforms.linux-arm64-musl"]
checksum = "sha256:f641be54761512b5cdc7556cf40a45334401af0fd9d896b4c74a9bbf02149772"
url = "https://github.com/oxc-project/oxc/releases/download/apps_v1.57.0/oxlint-aarch64-unknown-linux-musl.tar.gz"
url_api = "https://api.github.com/repos/oxc-project/oxc/releases/assets/380384047"

[tools.oxlint."platforms.linux-x64"]
checksum = "sha256:ce7bd5f15092c6805df892cba1e988709e5b620575a2436b18484204c1f29d49"
url = "https://github.com/oxc-project/oxc/releases/download/apps_v1.57.0/oxlint-x86_64-unknown-linux-musl.tar.gz"
url_api = "https://api.github.com/repos/oxc-project/oxc/releases/assets/380384075"

[tools.oxlint."platforms.linux-x64-musl"]
checksum = "sha256:ce7bd5f15092c6805df892cba1e988709e5b620575a2436b18484204c1f29d49"
url = "https://github.com/oxc-project/oxc/releases/download/apps_v1.57.0/oxlint-x86_64-unknown-linux-musl.tar.gz"
url_api = "https://api.github.com/repos/oxc-project/oxc/releases/assets/380384075"

[tools.oxlint."platforms.macos-arm64"]
checksum = "sha256:4e04cc2595bc69cc86531be6f55effbe3cd20f2c8115572e696fe65aec639fe5"
url = "https://github.com/oxc-project/oxc/releases/download/apps_v1.57.0/oxlint-aarch64-apple-darwin.tar.gz"
url_api = "https://api.github.com/repos/oxc-project/oxc/releases/assets/380384044"

[tools.oxlint."platforms.macos-x64"]
checksum = "sha256:ecbce9414255e4627461b63be7e259b406b1a81fc11e2e88e9acfbdebc38f271"
url = "https://github.com/oxc-project/oxc/releases/download/apps_v1.57.0/oxlint-x86_64-apple-darwin.tar.gz"
url_api = "https://api.github.com/repos/oxc-project/oxc/releases/assets/380384067"

[tools.oxlint."platforms.windows-x64"]
checksum = "sha256:ed54bc28adab824f657c4f4fc9d4243dff57e8797e68e339ca8b9489521214c5"
url = "https://github.com/oxc-project/oxc/releases/download/apps_v1.57.0/oxlint-x86_64-pc-windows-msvc.zip"
url_api = "https://api.github.com/repos/oxc-project/oxc/releases/assets/380384068"

[[tools.pnpm]]
version = "11.14.0"
backend = "aqua:pnpm/pnpm"

[tools.pnpm."platforms.linux-arm64"]
checksum = "sha256:6ec5224012d46e96747caed6b7ea02498f56e838c68df72acd9f8de46969b1a9"
url = "https://github.com/pnpm/pnpm/releases/download/v11.14.0/pnpm-linux-arm64.tar.gz"
url_api = "https://api.github.com/repos/pnpm/pnpm/releases/assets/480872581"
provenance = "github-attestations"

[tools.pnpm."platforms.linux-arm64-musl"]
checksum = "sha256:37b6764b4d2301303fb70277c3ef4c0ee5a64eabea1c9d631ca2729b12c752e8"
url = "https://github.com/pnpm/pnpm/releases/download/v11.14.0/pnpm-linux-arm64-musl.tar.gz"
url_api = "https://api.github.com/repos/pnpm/pnpm/releases/assets/480872587"
provenance = "github-attestations"

[tools.pnpm."platforms.linux-x64"]
checksum = "sha256:d78ce4e1ebcc39c1213fcb5a8686eda5b09835195a318408a6361efbd450166d"
url = "https://github.com/pnpm/pnpm/releases/download/v11.14.0/pnpm-linux-x64.tar.gz"
url_api = "https://api.github.com/repos/pnpm/pnpm/releases/assets/480872586"
provenance = "github-attestations"

[tools.pnpm."platforms.linux-x64-musl"]
checksum = "sha256:eef0615b9b3da3d9c38196232899059c92c26e67dd62f42bb6044b40501aa5b3"
url = "https://github.com/pnpm/pnpm/releases/download/v11.14.0/pnpm-linux-x64-musl.tar.gz"
url_api = "https://api.github.com/repos/pnpm/pnpm/releases/assets/480872582"
provenance = "github-attestations"

[tools.pnpm."platforms.macos-arm64"]
checksum = "sha256:5c389e50afcf5c825e533f203f2c0cb84546ffb1fee056772489c5088d01600f"
url = "https://github.com/pnpm/pnpm/releases/download/v11.14.0/pnpm-darwin-arm64.tar.gz"
url_api = "https://api.github.com/repos/pnpm/pnpm/releases/assets/480872584"
provenance = "github-attestations"

[tools.pnpm."platforms.windows-x64"]
checksum = "sha256:3bad9a8cf971b4a223c31c2063081c4d35ce8ce503f9ca2d3ece241e966eafb9"
url = "https://github.com/pnpm/pnpm/releases/download/v11.14.0/pnpm-win32-x64.zip"
url_api = "https://api.github.com/repos/pnpm/pnpm/releases/assets/480872580"
provenance = "github-attestations"

[[tools.prek]]
version = "0.5.3"
backend = "aqua:j178/prek"

[tools.prek."platforms.linux-arm64"]
checksum = "sha256:ad3fe48802a02ec82286ab842c4a09a4e1db765e402f1fcc016f75b6929ec480"
url = "https://github.com/j178/prek/releases/download/v0.5.3/prek-aarch64-unknown-linux-musl.tar.gz"
url_api = "https://api.github.com/repos/j178/prek/releases/assets/560889200"
provenance = "github-attestations"

[tools.prek."platforms.linux-arm64-musl"]
checksum = "sha256:ad3fe48802a02ec82286ab842c4a09a4e1db765e402f1fcc016f75b6929ec480"
url = "https://github.com/j178/prek/releases/download/v0.5.3/prek-aarch64-unknown-linux-musl.tar.gz"
url_api = "https://api.github.com/repos/j178/prek/releases/assets/560889200"
provenance = "github-attestations"

[tools.prek."platforms.linux-x64"]
checksum = "sha256:d4eae1f31c0817d0a9bfa532d4bb66df60a8b01f121def002021915e826c3d1f"
url = "https://github.com/j178/prek/releases/download/v0.5.3/prek-x86_64-unknown-linux-musl.tar.gz"
url_api = "https://api.github.com/repos/j178/prek/releases/assets/560889232"
provenance = "github-attestations"

[tools.prek."platforms.linux-x64-musl"]
checksum = "sha256:d4eae1f31c0817d0a9bfa532d4bb66df60a8b01f121def002021915e826c3d1f"
url = "https://github.com/j178/prek/releases/download/v0.5.3/prek-x86_64-unknown-linux-musl.tar.gz"
url_api = "https://api.github.com/repos/j178/prek/releases/assets/560889232"
provenance = "github-attestations"

[tools.prek."platforms.macos-arm64"]
checksum = "sha256:6006cc4e69cfc86d55f4e407ca60ba960a521befa54fece94038639b1f4de381"
url = "https://github.com/j178/prek/releases/download/v0.5.3/prek-aarch64-apple-darwin.tar.gz"
url_api = "https://api.github.com/repos/j178/prek/releases/assets/560889174"
provenance = "github-attestations"

[tools.prek."platforms.macos-x64"]
checksum = "sha256:874f05d12e7cb672758295b5253dfd05aadad3c2bcaa42ae712b917294629b07"
url = "https://github.com/j178/prek/releases/download/v0.5.3/prek-x86_64-apple-darwin.tar.gz"
url_api = "https://api.github.com/repos/j178/prek/releases/assets/560889217"
provenance = "github-attestations"

[tools.prek."platforms.windows-x64"]
checksum = "sha256:c15a5636bf93a3937507d8da2302b074b0946b3d35882471b002ea93586728d8"
url = "https://github.com/j178/prek/releases/download/v0.5.3/prek-x86_64-pc-windows-msvc.zip"
url_api = "https://api.github.com/repos/j178/prek/releases/assets/560889220"
provenance = "github-attestations"
